
Microsoft Visual Studio Solution File, Format Version 12.00
Project("{FAE04EC0-301F-11D3-BF4B-00C04F79EFBC}") = "SB_Admin_2_MVC", "SB_Admin_2_MVC\SB_Admin_2_MVC.csproj", "{78F11849-A7E7-451A-A049-483B440AF1B6}"
EndProject
Global
	GlobalSection(SolutionConfigurationPlatforms) = preSolution
		Debug|Any CPU = Debug|Any CPU
		Release|Any CPU = Release|Any CPU
	EndGlobalSection
	GlobalSection(ProjectConfigurationPlatforms) = postSolution
		{78F11849-A7E7-451A-A049-483B440AF1B6}.Debug|Any CPU.ActiveCfg = Debug|Any CPU
		{78F11849-A7E7-451A-A049-483B440AF1B6}.Debug|Any CPU.Build.0 = Debug|Any CPU
		{78F11849-A7E7-451A-A049-483B440AF1B6}.Release|Any CPU.ActiveCfg = Release|Any CPU
		{78F11849-A7E7-451A-A049-483B440AF1B6}.Release|Any CPU.Build.0 = Release|Any CPU
	EndGlobalSection
EndGlobal
